{
  "name": "@whitedog/fdc3-web-example-chart",
  "version": "0.0.1",
  "lockfileVersion": 1,
  "requires": true,
  "dependencies": {
    "@whitedog/fdc3-web-client": {
      "version": "file:../../packages/client",
      "requires": {
        "@whitedog/fdc3-web-api": "file:../../packages/api"
      },
      "dependencies": {
        "@whitedog/fdc3-web-api": {
          "version": "file:../../packages/api"
        }
      }
    }
  }
}
